
Microsoft Visual Studio Solution File, Format Version 12.00
# Visual Studio Version 17
VisualStudioVersion = 17.9.34714.143
MinimumVisualStudioVersion = 10.0.40219.1
Project("{FAE04EC0-301F-11D3-BF4B-00C04F79EFBC}") = "ConsoleAppReflection", "ConsoleAppReflection\ConsoleAppReflection.csproj", "{2935D06F-AEEB-46E2-8D36-02D6809D1185}"
EndProject
Global
	GlobalSection(SolutionConfigurationPlatforms) = preSolution
		Debug|Any CPU = Debug|Any CPU
		Release|Any CPU = Release|Any CPU
	EndGlobalSection
	GlobalSection(ProjectConfigurationPlatforms) = postSolution
		{2935D06F-AEEB-46E2-8D36-02D6809D1185}.Debug|Any CPU.ActiveCfg = Debug|Any CPU
		{2935D06F-AEEB-46E2-8D36-02D6809D1185}.Debug|Any CPU.Build.0 = Debug|Any CPU
		{2935D06F-AEEB-46E2-8D36-02D6809D1185}.Release|Any CPU.ActiveCfg = Release|Any CPU
		{2935D06F-AEEB-46E2-8D36-02D6809D1185}.Release|Any CPU.Build.0 = Release|Any CPU
	EndGlobalSection
	GlobalSection(SolutionProperties) = preSolution
		HideSolutionNode = FALSE
	EndGlobalSection
	GlobalSection(ExtensibilityGlobals) = postSolution
		SolutionGuid = {96F20973-615B-4B7C-8377-287C291C2A10}
	EndGlobalSection
EndGlobal
